
Microsoft Visual Studio Solution File, Format Version 12.00
# Visual Studio 15
VisualStudioVersion = 15.0.28307.902
MinimumVisualStudioVersion = 10.0.40219.1
Project("{FAE04EC0-301F-11D3-BF4B-00C04F79EFBC}") = "Baseline_01", "Baseline_01\Baseline_01.csproj", "{9534A263-F984-4F46-94A2-DB6AFFD56F4B}"
EndProject
Global
	GlobalSection(SolutionConfigurationPlatforms) = preSolution
		Debug|Any CPU = Debug|Any CPU
		Release|Any CPU = Release|Any CPU
	EndGlobalSection
	GlobalSection(ProjectConfigurationPlatforms) = postSolution
		{9534A263-F984-4F46-94A2-DB6AFFD56F4B}.Debug|Any CPU.ActiveCfg = Debug|Any CPU
		{9534A263-F984-4F46-94A2-DB6AFFD56F4B}.Debug|Any CPU.Build.0 = Debug|Any CPU
		{9534A263-F984-4F46-94A2-DB6AFFD56F4B}.Release|Any CPU.ActiveCfg = Release|Any CPU
		{9534A263-F984-4F46-94A2-DB6AFFD56F4B}.Release|Any CPU.Build.0 = Release|Any CPU
	EndGlobalSection
	GlobalSection(SolutionProperties) = preSolution
		HideSolutionNode = FALSE
	EndGlobalSection
	GlobalSection(ExtensibilityGlobals) = postSolution
		SolutionGuid = {F3F69715-0999-4DFD-833E-F84C3E3555CC}
	EndGlobalSection
EndGlobal
